<Solution>

	<Configurations>
		<Platform Name="Any" />
	</Configurations>

	<Folder Name="/Bare SDKs/">
		<Project Path="Sources/MSBuild.Core.Sdk/MSBuild.Core.Sdk.nuproj"
			Type="{5DD5E4FA-CB73-4610-85AB-557B54E96AA9}" />
		<Project Path="Sources/MSBuild.Common.Sdk/MSBuild.Common.Sdk.nuproj"
			Type="{5DD5E4FA-CB73-4610-85AB-557B54E96AA9}" />
	</Folder>

	<Folder Name="/Basic SDKs/">
		<Project Path="Sources/MSBuild.Project.Sdk/MSBuild.Project.Sdk.nuproj"
			Type="{5DD5E4FA-CB73-4610-85AB-557B54E96AA9}" />
		<Project Path="Sources/MSBuild.Sharing.Sdk/MSBuild.Sharing.Sdk.nuproj"
			Type="{5DD5E4FA-CB73-4610-85AB-557B54E96AA9}" />
		<Project Path="Sources/MSBuild.Solution.Sdk/MSBuild.Solution.Sdk.nuproj"
			Type="{5DD5E4FA-CB73-4610-85AB-557B54E96AA9}" />
	</Folder>

	<Folder Name="/Platform SDKs/">
		<Project Path="Sources/MSBuild.Native.Sdk/MSBuild.Native.Sdk.nuproj"
			Type="{5DD5E4FA-CB73-4610-85AB-557B54E96AA9}" />
		<Project Path="Sources/MSBuild.Managed.Sdk/MSBuild.Managed.Sdk.nuproj"
			Type="{5DD5E4FA-CB73-4610-85AB-557B54E96AA9}" />
	</Folder>

	<Folder Name="/Support SDKs/">
		<Project Path="Sources/MSBuild.Packaging.Sdk/MSBuild.Packaging.Sdk.nuproj"
			Type="{5DD5E4FA-CB73-4610-85AB-557B54E96AA9}" />
		<Project Path="Sources/MSBuild.Dependencies.Sdk/MSBuild.Dependencies.Sdk.nuproj"
			Type="{5DD5E4FA-CB73-4610-85AB-557B54E96AA9}" />
	</Folder>

	<Folder Name="/Tests/">
		<Project Path="Tests/MSBuild.Project.Tests/MSBuild.Project.Tests.csproj" />
		<Project Path="Tests/MSBuild.Solution.Tests/MSBuild.Solution.Tests.csproj" />
		<Project Path="Tests/MSBuild.TestFramework/MSBuild.TestFramework.csproj" />
	</Folder>

</Solution>